PODS:
  - Alamofire (5.5.0)
  - AlamofireImage (4.2.0):
    - Alamofire (~> 5.4)
  - lottie-ios (2.5.3)
  - Realm (10.24.1):
    - Realm/Headers (= 10.24.1)
  - Realm/Headers (10.24.1)
  - RealmSwift (10.24.1):
    - Realm (= 10.24.1)

DEPENDENCIES:
  - Alamofire (~> 5.5.0)
  - AlamofireImage (~> 4.1)
  - lottie-ios
  - RealmSwift (~> 10)

SPEC REPOS:
  trunk:
    - Alamofire
    - AlamofireImage
    - lottie-ios
    - Realm
    - RealmSwift

SPEC CHECKSUMS:
  Alamofire: 1c4fb5369c3fe93d2857c780d8bbe09f06f97e7c
  AlamofireImage: 34a2d90b0e5fe6a5605f85ae4b7b01e784c60192
  lottie-ios: a50d5c0160425cd4b01b852bb9578963e6d92d31
  Realm: f9bc5a212a9ab084b4ed90cda1c28d835a38a06b
  RealmSwift: 0b03bb38001bee4280dcc27709e6b33f438cfad1

PODFILE CHECKSUM: 559378d30e8d94d7b052a7912736ab77612b0364

COCOAPODS: 1.11.2
