PODS:
  - Alamofire (5.5.0)
  - AlamofireImage (4.2.0):
    - Alamofire (~> 5.4)
  - lottie-ios (3.3.0)
  - Realm (10.24.2):
    - Realm/Headers (= 10.24.2)
  - Realm/Headers (10.24.2)
  - RealmSwift (10.24.2):
    - Realm (= 10.24.2)

DEPENDENCIES:
  - Alamofire (~> 5.5.0)
  - AlamofireImage (~> 4.1)
  - lottie-ios
  - RealmSwift (~> 10.24.2)

SPEC REPOS:
  trunk:
    - Alamofire
    - AlamofireImage
    - lottie-ios
    - Realm
    - RealmSwift

SPEC CHECKSUMS:
  Alamofire: 1c4fb5369c3fe93d2857c780d8bbe09f06f97e7c
  AlamofireImage: 34a2d90b0e5fe6a5605f85ae4b7b01e784c60192
  lottie-ios: 6ac74dcc09904798f59b18cb3075c089d76be9ae
  Realm: c8421eee9ff92b16b4f91a313b5cc695c37c1921
  RealmSwift: 10ed6fa09c36aaaff55e12afdc71802ec3ddb1c0

PODFILE CHECKSUM: 5ba38cac20371ac01a469a71f7c6c851af034734

COCOAPODS: 1.11.2
